
Microsoft Visual Studio Solution File, Format Version 12.00
# Visual Studio Version 16
VisualStudioVersion = 16.0.29721.120
MinimumVisualStudioVersion = 10.0.40219.1
Project("{FAE04EC0-301F-11D3-BF4B-00C04F79EFBC}") = "MyReflection", "MyReflection.csproj", "{9F8E8EA0-F9B1-4CE3-86A2-658D54955477}"
EndProject
Project("{FAE04EC0-301F-11D3-BF4B-00C04F79EFBC}") = "DB.Interface", "..\DB.Interface\DB.Interface.csproj", "{F779259B-0368-4C4A-90FC-1A95EB6BA80B}"
EndProject
Project("{FAE04EC0-301F-11D3-BF4B-00C04F79EFBC}") = "DB.SqlServer", "..\DB.SqlServer\DB.SqlServer.csproj", "{C3F0A2FD-A552-4199-B2D5-C0C3AE120A45}"
EndProject
Project("{FAE04EC0-301F-11D3-BF4B-00C04F79EFBC}") = "DB.MySql", "..\DB.MySql\DB.MySql.csproj", "{A1EA4AA5-49AA-4F6A-9EB9-6D61D757148A}"
EndProject
Global
	GlobalSection(SolutionConfigurationPlatforms) = preSolution
		Debug|Any CPU = Debug|Any CPU
		Release|Any CPU = Release|Any CPU
	EndGlobalSection
	GlobalSection(ProjectConfigurationPlatforms) = postSolution
		{9F8E8EA0-F9B1-4CE3-86A2-658D54955477}.Debug|Any CPU.ActiveCfg = Debug|Any CPU
		{9F8E8EA0-F9B1-4CE3-86A2-658D54955477}.Debug|Any CPU.Build.0 = Debug|Any CPU
		{9F8E8EA0-F9B1-4CE3-86A2-658D54955477}.Release|Any CPU.ActiveCfg = Release|Any CPU
		{9F8E8EA0-F9B1-4CE3-86A2-658D54955477}.Release|Any CPU.Build.0 = Release|Any CPU
		{F779259B-0368-4C4A-90FC-1A95EB6BA80B}.Debug|Any CPU.ActiveCfg = Debug|Any CPU
		{F779259B-0368-4C4A-90FC-1A95EB6BA80B}.Debug|Any CPU.Build.0 = Debug|Any CPU
		{F779259B-0368-4C4A-90FC-1A95EB6BA80B}.Release|Any CPU.ActiveCfg = Release|Any CPU
		{F779259B-0368-4C4A-90FC-1A95EB6BA80B}.Release|Any CPU.Build.0 = Release|Any CPU
		{C3F0A2FD-A552-4199-B2D5-C0C3AE120A45}.Debug|Any CPU.ActiveCfg = Debug|Any CPU
		{C3F0A2FD-A552-4199-B2D5-C0C3AE120A45}.Debug|Any CPU.Build.0 = Debug|Any CPU
		{C3F0A2FD-A552-4199-B2D5-C0C3AE120A45}.Release|Any CPU.ActiveCfg = Release|Any CPU
		{C3F0A2FD-A552-4199-B2D5-C0C3AE120A45}.Release|Any CPU.Build.0 = Release|Any CPU
		{A1EA4AA5-49AA-4F6A-9EB9-6D61D757148A}.Debug|Any CPU.ActiveCfg = Debug|Any CPU
		{A1EA4AA5-49AA-4F6A-9EB9-6D61D757148A}.Debug|Any CPU.Build.0 = Debug|Any CPU
		{A1EA4AA5-49AA-4F6A-9EB9-6D61D757148A}.Release|Any CPU.ActiveCfg = Release|Any CPU
		{A1EA4AA5-49AA-4F6A-9EB9-6D61D757148A}.Release|Any CPU.Build.0 = Release|Any CPU
	EndGlobalSection
	GlobalSection(SolutionProperties) = preSolution
		HideSolutionNode = FALSE
	EndGlobalSection
	GlobalSection(ExtensibilityGlobals) = postSolution
		SolutionGuid = {C762BEDD-2E59-419D-8501-B76986125D13}
	EndGlobalSection
EndGlobal
